// !$*UTF8*$!
{
	archiveVersion = 1;
	classes = {
	};
	objectVersion = 50;
	objects = {

/* Begin PBXBuildFile section */
		8A5EC4392729EFCE00BC783C /* AppDelegate.swift in Sources */ = {isa = PBXBuildFile; fileRef = 8A5EC4382729EFCE00BC783C /* AppDelegate.swift */; };
		8A5EC43B2729EFCE00BC783C /* SceneDelegate.swift in Sources */ = {isa = PBXBuildFile; fileRef = 8A5EC43A2729EFCE00BC783C /* SceneDelegate.swift */; };
		8A5EC43D2729EFCE00BC783C /* ViewController.swift in Sources */ = {isa = PBXBuildFile; fileRef = 8A5EC43C2729EFCE00BC783C /* ViewController.swift */; };
		8A5EC4402729EFCE00BC783C /* Main.storyboard in Resources */ = {isa = PBXBuildFile; fileRef = 8A5EC43E2729EFCE00BC783C /* Main.storyboard */; };
		8A5EC4422729EFD200BC783C /* Assets.xcassets in Resources */ = {isa = PBXBuildFile; fileRef = 8A5EC4412729EFD200BC783C /* Assets.xcassets */; };
		8A5EC4452729EFD200BC783C /* LaunchScreen.storyboard in Resources */ = {isa = PBXBuildFile; fileRef = 8A5EC4432729EFD200BC783C /* LaunchScreen.storyboard */; };
		8A5EC44E2729F2F900BC783C /* NoteCell.swift in Sources */ = {isa = PBXBuildFile; fileRef = 8A5EC44D2729F2F900BC783C /* NoteCell.swift */; };
		8A5EC4502729F3D800BC783C /* NoteViewController.swift in Sources */ = {isa = PBXBuildFile; fileRef = 8A5EC44F2729F3D800BC783C /* NoteViewController.swift */; };
/* End PBXBuildFile section */

/* Begin PBXFileReference section */
		8A5EC4352729EFCE00BC783C /* kirakhmatullinPW4.app */ = {isa = PBXFileReference; explicitFileType = wrapper.application; includeInIndex = 0; path = kirakhmatullinPW4.app; sourceTree = BUILT_PRODUCTS_DIR; };
		8A5EC4382729EFCE00BC783C /* AppDelegate.swift */ = {isa = PBXFileReference; lastKnownFileType = sourcecode.swift; path = AppDelegate.swift; sourceTree = "<group>"; };
		8A5EC43A2729EFCE00BC783C /* SceneDelegate.swift */ = {isa = PBXFileReference; lastKnownFileType = sourcecode.swift; path = SceneDelegate.swift; sourceTree = "<group>"; };
		8A5EC43C2729EFCE00BC783C /* ViewController.swift */ = {isa = PBXFileReference; lastKnownFileType = sourcecode.swift; path = ViewController.swift; sourceTree = "<group>"; };
		8A5EC43F2729EFCE00BC783C /* Base */ = {isa = PBXFileReference; lastKnownFileType = file.storyboard; name = Base; path = Base.lproj/Main.storyboard; sourceTree = "<group>"; };
		8A5EC4412729EFD200BC783C /* Assets.xcassets */ = {isa = PBXFileReference; lastKnownFileType = folder.assetcatalog; path = Assets.xcassets; sourceTree = "<group>"; };
		8A5EC4442729EFD200BC783C /* Base */ = {isa = PBXFileReference; lastKnownFileType = file.storyboard; name = Base; path = Base.lproj/LaunchScreen.storyboard; sourceTree = "<group>"; };
		8A5EC4462729EFD200BC783C /* Info.plist */ = {isa = PBXFileReference; lastKnownFileType = text.plist.xml; path = Info.plist; sourceTree = "<group>"; };
		8A5EC44D2729F2F900BC783C /* NoteCell.swift */ = {isa = PBXFileReference; lastKnownFileType = sourcecode.swift; path = NoteCell.swift; sourceTree = "<group>"; };
		8A5EC44F2729F3D800BC783C /* NoteViewController.swift */ = {isa = PBXFileReference; lastKnownFileType = sourcecode.swift; path = NoteViewController.swift; sourceTree = "<group>"; };
/* End PBXFileReference section */

/* Begin PBXFrameworksBuildPhase section */
		8A5EC4322729EFCE00BC783C /* Frameworks */ = {
			isa = PBXFrameworksBuildPhase;
			buildActionMask = 2147483647;
			files = (
			);
			runOnlyForDeploymentPostprocessing = 0;
		};
/* End PBXFrameworksBuildPhase section */

/* Begin PBXGroup section */
		8A5EC42C2729EFCE00BC783C = {
			isa = PBXGroup;
			children = (
				8A5EC4372729EFCE00BC783C /* kirakhmatullinPW4 */,
				8A5EC4362729EFCE00BC783C /* Products */,
			);
			sourceTree = "<group>";
		};
		8A5EC4362729EFCE00BC783C /* Products */ = {
			isa = PBXGroup;
			children = (
				8A5EC4352729EFCE00BC783C /* kirakhmatullinPW4.app */,
			);
			name = Products;
			sourceTree = "<group>";
		};
		8A5EC4372729EFCE00BC783C /* kirakhmatullinPW4 */ = {
			isa = PBXGroup;
			children = (
				8A5EC44C2729F2E700BC783C /* View */,
				8A5EC4382729EFCE00BC783C /* AppDelegate.swift */,
				8A5EC43A2729EFCE00BC783C /* SceneDelegate.swift */,
				8A5EC43C2729EFCE00BC783C /* ViewController.swift */,
				8A5EC43E2729EFCE00BC783C /* Main.storyboard */,
				8A5EC4412729EFD200BC783C /* Assets.xcassets */,
				8A5EC4432729EFD200BC783C /* LaunchScreen.storyboard */,
				8A5EC4462729EFD200BC783C /* Info.plist */,
				8A5EC44F2729F3D800BC783C /* NoteViewController.swift */,
			);
			path = kirakhmatullinPW4;
			sourceTree = "<group>";
		};
		8A5EC44C2729F2E700BC783C /* View */ = {
			isa = PBXGroup;
			children = (
				8A5EC44D2729F2F900BC783C /* NoteCell.swift */,
			);
			path = View;
			sourceTree = "<group>";
		};
/* End PBXGroup section */

/* Begin PBXNativeTarget section */
		8A5EC4342729EFCE00BC783C /* kirakhmatullinPW4 */ = {
			isa = PBXNativeTarget;
			buildConfigurationList = 8A5EC4492729EFD200BC783C /* Build configuration list for PBXNativeTarget "kirakhmatullinPW4" */;
			buildPhases = (
				8A5EC4312729EFCE00BC783C /* Sources */,
				8A5EC4322729EFCE00BC783C /* Frameworks */,
				8A5EC4332729EFCE00BC783C /* Resources */,
			);
			buildRules = (
			);
			dependencies = (
			);
			name = kirakhmatullinPW4;
			productName = kirakhmatullinPW4;
			productReference = 8A5EC4352729EFCE00BC783C /* kirakhmatullinPW4.app */;
			productType = "com.apple.product-type.application";
		};
/* End PBXNativeTarget section */

/* Begin PBXProject section */
		8A5EC42D2729EFCE00BC783C /* Project object */ = {
			isa = PBXProject;
			attributes = {
				LastSwiftUpdateCheck = 1250;
				LastUpgradeCheck = 1250;
				TargetAttributes = {
					8A5EC4342729EFCE00BC783C = {
						CreatedOnToolsVersion = 12.5.1;
					};
				};
			};
			buildConfigurationList = 8A5EC4302729EFCE00BC783C /* Build configuration list for PBXProject "kirakhmatullinPW4" */;
			compatibilityVersion = "Xcode 9.3";
			developmentRegion = en;
			hasScannedForEncodings = 0;
			knownRegions = (
				en,
				Base,
			);
			mainGroup = 8A5EC42C2729EFCE00BC783C;
			productRefGroup = 8A5EC4362729EFCE00BC783C /* Products */;
			projectDirPath = "";
			projectRoot = "";
			targets = (
				8A5EC4342729EFCE00BC783C /* kirakhmatullinPW4 */,
			);
		};
/* End PBXProject section */

/* Begin PBXResourcesBuildPhase section */
		8A5EC4332729EFCE00BC783C /* Resources */ = {
			isa = PBXResourcesBuildPhase;
			buildActionMask = 2147483647;
			files = (
				8A5EC4452729EFD200BC783C /* LaunchScreen.storyboard in Resources */,
				8A5EC4422729EFD200BC783C /* Assets.xcassets in Resources */,
				8A5EC4402729EFCE00BC783C /* Main.storyboard in Resources */,
			);
			runOnlyForDeploymentPostprocessing = 0;
		};
/* End PBXResourcesBuildPhase section */

/* Begin PBXSourcesBuildPhase section */
		8A5EC4312729EFCE00BC783C /* Sources */ = {
			isa = PBXSourcesBuildPhase;
			buildActionMask = 2147483647;
			files = (
				8A5EC43D2729EFCE00BC783C /* ViewController.swift in Sources */,
				8A5EC4392729EFCE00BC783C /* AppDelegate.swift in Sources */,
				8A5EC43B2729EFCE00BC783C /* SceneDelegate.swift in Sources */,
				8A5EC4502729F3D800BC783C /* NoteViewController.swift in Sources */,
				8A5EC44E2729F2F900BC783C /* NoteCell.swift in Sources */,
			);
			runOnlyForDeploymentPostprocessing = 0;
		};
/* End PBXSourcesBuildPhase section */

/* Begin PBXVariantGroup section */
		8A5EC43E2729EFCE00BC783C /* Main.storyboard */ = {
			isa = PBXVariantGroup;
			children = (
				8A5EC43F2729EFCE00BC783C /* Base */,
			);
			name = Main.storyboard;
			sourceTree = "<group>";
		};
		8A5EC4432729EFD200BC783C /* LaunchScreen.storyboard */ = {
			isa = PBXVariantGroup;
			children = (
				8A5EC4442729EFD200BC783C /* Base */,
			);
			name = LaunchScreen.storyboard;
			sourceTree = "<group>";
		};
/* End PBXVariantGroup section */

/* Begin XCBuildConfiguration section */
		8A5EC4472729EFD200BC783C /* Debug */ = {
			isa = XCBuildConfiguration;
			buildSettings = {
				ALWAYS_SEARCH_USER_PATHS = NO;
				CLANG_ANALYZER_NONNULL = YES;
				CLANG_ANALYZER_NUMBER_OBJECT_CONVERSION = YES_AGGRESSIVE;
				CLANG_CXX_LANGUAGE_STANDARD = "gnu++14";
				CLANG_CXX_LIBRARY = "libc++";
				CLANG_ENABLE_MODULES = YES;
				CLANG_ENABLE_OBJC_ARC = YES;
				CLANG_ENABLE_OBJC_WEAK = YES;
				CLANG_WARN_BLOCK_CAPTURE_AUTORELEASING = YES;
				CLANG_WARN_BOOL_CONVERSION = YES;
				CLANG_WARN_COMMA = YES;
				CLANG_WARN_CONSTANT_CONVERSION = YES;
				CLANG_WARN_DEPRECATED_OBJC_IMPLEMENTATIONS = YES;
				CLANG_WARN_DIRECT_OBJC_ISA_USAGE = YES_ERROR;
				CLANG_WARN_DOCUMENTATION_COMMENTS = YES;
				CLANG_WARN_EMPTY_BODY = YES;
				CLANG_WARN_ENUM_CONVERSION = YES;
				CLANG_WARN_INFINITE_RECURSION = YES;
				CLANG_WARN_INT_CONVERSION = YES;
				CLANG_WARN_NON_LITERAL_NULL_CONVERSION = YES;
				CLANG_WARN_OBJC_IMPLICIT_RETAIN_SELF = YES;
				CLANG_WARN_OBJC_LITERAL_CONVERSION = YES;
				CLANG_WARN_OBJC_ROOT_CLASS = YES_ERROR;
				CLANG_WARN_QUOTED_INCLUDE_IN_FRAMEWORK_HEADER = YES;
				CLANG_WARN_RANGE_LOOP_ANALYSIS = YES;
				CLANG_WARN_STRICT_PROTOTYPES = YES;
				CLANG_WARN_SUSPICIOUS_MOVE = YES;
				CLANG_WARN_UNGUARDED_AVAILABILITY = YES_AGGRESSIVE;
				CLANG_WARN_UNREACHABLE_CODE = YES;
				CLANG_WARN__DUPLICATE_METHOD_MATCH = YES;
				COPY_PHASE_STRIP = NO;
				DEBUG_INFORMATION_FORMAT = dwarf;
				ENABLE_STRICT_OBJC_MSGSEND = YES;
				ENABLE_TESTABILITY = YES;
				GCC_C_LANGUAGE_STANDARD = gnu11;
				GCC_DYNAMIC_NO_PIC = NO;
				GCC_NO_COMMON_BLOCKS = YES;
				GCC_OPTIMIZATION_LEVEL = 0;
				GCC_PREPROCESSOR_DEFINITIONS = (
					"DEBUG=1",
					"$(inherited)",
				);
				GCC_WARN_64_TO_32_BIT_CONVERSION = YES;
				GCC_WARN_ABOUT_RETURN_TYPE = YES_ERROR;
				GCC_WARN_UNDECLARED_SELECTOR = YES;
				GCC_WARN_UNINITIALIZED_AUTOS = YES_AGGRESSIVE;
				GCC_WARN_UNUSED_FUNCTION = YES;
				GCC_WARN_UNUSED_VARIABLE = YES;
				IPHONEOS_DEPLOYMENT_TARGET = 14.5;
				MTL_ENABLE_DEBUG_INFO = INCLUDE_SOURCE;
				MTL_FAST_MATH = YES;
				ONLY_ACTIVE_ARCH = YES;
				SDKROOT = iphoneos;
				SWIFT_ACTIVE_COMPILATION_CONDITIONS = DEBUG;
				SWIFT_OPTIMIZATION_LEVEL = "-Onone";
			};
			name = Debug;
		};
		8A5EC4482729EFD200BC783C /* Release */ = {
			isa = XCBuildConfiguration;
			buildSettings = {
				ALWAYS_SEARCH_USER_PATHS = NO;
				CLANG_ANALYZER_NONNULL = YES;
				CLANG_ANALYZER_NUMBER_OBJECT_CONVERSION = YES_AGGRESSIVE;
				CLANG_CXX_LANGUAGE_STANDARD = "gnu++14";
				CLANG_CXX_LIBRARY = "libc++";
				CLANG_ENABLE_MODULES = YES;
				CLANG_ENABLE_OBJC_ARC = YES;
				CLANG_ENABLE_OBJC_WEAK = YES;
				CLANG_WARN_BLOCK_CAPTURE_AUTORELEASING = YES;
				CLANG_WARN_BOOL_CONVERSION = YES;
				CLANG_WARN_COMMA = YES;
				CLANG_WARN_CONSTANT_CONVERSION = YES;
				CLANG_WARN_DEPRECATED_OBJC_IMPLEMENTATIONS = YES;
				CLANG_WARN_DIRECT_OBJC_ISA_USAGE = YES_ERROR;
				CLANG_WARN_DOCUMENTATION_COMMENTS = YES;
				CLANG_WARN_EMPTY_BODY = YES;
				CLANG_WARN_ENUM_CONVERSION = YES;
				CLANG_WARN_INFINITE_RECURSION = YES;
				CLANG_WARN_INT_CONVERSION = YES;
				CLANG_WARN_NON_LITERAL_NULL_CONVERSION = YES;
				CLANG_WARN_OBJC_IMPLICIT_RETAIN_SELF = YES;
				CLANG_WARN_OBJC_LITERAL_CONVERSION = YES;
				CLANG_WARN_OBJC_ROOT_CLASS = YES_ERROR;
				CLANG_WARN_QUOTED_INCLUDE_IN_FRAMEWORK_HEADER = YES;
				CLANG_WARN_RANGE_LOOP_ANALYSIS = YES;
				CLANG_WARN_STRICT_PROTOTYPES = YES;
				CLANG_WARN_SUSPICIOUS_MOVE = YES;
				CLANG_WARN_UNGUARDED_AVAILABILITY = YES_AGGRESSIVE;
				CLANG_WARN_UNREACHABLE_CODE = YES;
				CLANG_WARN__DUPLICATE_METHOD_MATCH = YES;
				COPY_PHASE_STRIP = NO;
				DEBUG_INFORMATION_FORMAT = "dwarf-with-dsym";
				ENABLE_NS_ASSERTIONS = NO;
				ENABLE_STRICT_OBJC_MSGSEND = YES;
				GCC_C_LANGUAGE_STANDARD = gnu11;
				GCC_NO_COMMON_BLOCKS = YES;
				GCC_WARN_64_TO_32_BIT_CONVERSION = YES;
				GCC_WARN_ABOUT_RETURN_TYPE = YES_ERROR;
				GCC_WARN_UNDECLARED_SELECTOR = YES;
				GCC_WARN_UNINITIALIZED_AUTOS = YES_AGGRESSIVE;
				GCC_WARN_UNUSED_FUNCTION = YES;
				GCC_WARN_UNUSED_VARIABLE = YES;
				IPHONEOS_DEPLOYMENT_TARGET = 14.5;
				MTL_ENABLE_DEBUG_INFO = NO;
				MTL_FAST_MATH = YES;
				SDKROOT = iphoneos;
				SWIFT_COMPILATION_MODE = wholemodule;
				SWIFT_OPTIMIZATION_LEVEL = "-O";
				VALIDATE_PRODUCT = YES;
			};
			name = Release;
		};
		8A5EC44A2729EFD200BC783C /* Debug */ = {
			isa = XCBuildConfiguration;
			buildSettings = {
				ASSETCATALOG_COMPILER_APPICON_NAME = AppIcon;
				ASSETCATALOG_COMPILER_GLOBAL_ACCENT_COLOR_NAME = AccentColor;
				CODE_SIGN_STYLE = Automatic;
				INFOPLIST_FILE = kirakhmatullinPW4/Info.plist;
				LD_RUNPATH_SEARCH_PATHS = (
					"$(inherited)",
					"@executable_path/Frameworks",
				);
				PRODUCT_BUNDLE_IDENTIFIER = Karim.kirakhmatullinPW4;
				PRODUCT_NAME = "$(TARGET_NAME)";
				SWIFT_VERSION = 5.0;
				TARGETED_DEVICE_FAMILY = "1,2";
			};
			name = Debug;
		};
		8A5EC44B2729EFD200BC783C /* Release */ = {
			isa = XCBuildConfiguration;
			buildSettings = {
				ASSETCATALOG_COMPILER_APPICON_NAME = AppIcon;
				ASSETCATALOG_COMPILER_GLOBAL_ACCENT_COLOR_NAME = AccentColor;
				CODE_SIGN_STYLE = Automatic;
				INFOPLIST_FILE = kirakhmatullinPW4/Info.plist;
				LD_RUNPATH_SEARCH_PATHS = (
					"$(inherited)",
					"@executable_path/Frameworks",
				);
				PRODUCT_BUNDLE_IDENTIFIER = Karim.kirakhmatullinPW4;
				PRODUCT_NAME = "$(TARGET_NAME)";
				SWIFT_VERSION = 5.0;
				TARGETED_DEVICE_FAMILY = "1,2";
			};
			name = Release;
		};
/* End XCBuildConfiguration section */

/* Begin XCConfigurationList section */
		8A5EC4302729EFCE00BC783C /* Build configuration list for PBXProject "kirakhmatullinPW4" */ = {
			isa = XCConfigurationList;
			buildConfigurations = (
				8A5EC4472729EFD200BC783C /* Debug */,
				8A5EC4482729EFD200BC783C /* Release */,
			);
			defaultConfigurationIsVisible = 0;
			defaultConfigurationName = Release;
		};
		8A5EC4492729EFD200BC783C /* Build configuration list for PBXNativeTarget "kirakhmatullinPW4" */ = {
			isa = XCConfigurationList;
			buildConfigurations = (
				8A5EC44A2729EFD200BC783C /* Debug */,
				8A5EC44B2729EFD200BC783C /* Release */,
			);
			defaultConfigurationIsVisible = 0;
			defaultConfigurationName = Release;
		};
/* End XCConfigurationList section */
	};
	rootObject = 8A5EC42D2729EFCE00BC783C /* Project object */;
}
