// !$*UTF8*$!
{
	archiveVersion = 1;
	classes = {
	};
	objectVersion = 50;
	objects = {

/* Begin PBXBuildFile section */
		8A540B8226EE9B7B00EEBF04 /* AppDelegate.swift in Sources */ = {isa = PBXBuildFile; fileRef = 8A540B8126EE9B7B00EEBF04 /* AppDelegate.swift */; };
		8A540B8426EE9B7B00EEBF04 /* SceneDelegate.swift in Sources */ = {isa = PBXBuildFile; fileRef = 8A540B8326EE9B7B00EEBF04 /* SceneDelegate.swift */; };
		8A540B8626EE9B7B00EEBF04 /* ViewController.swift in Sources */ = {isa = PBXBuildFile; fileRef = 8A540B8526EE9B7B00EEBF04 /* ViewController.swift */; };
		8A540B8926EE9B7B00EEBF04 /* Main.storyboard in Resources */ = {isa = PBXBuildFile; fileRef = 8A540B8726EE9B7B00EEBF04 /* Main.storyboard */; };
		8A540B8B26EE9B7D00EEBF04 /* Assets.xcassets in Resources */ = {isa = PBXBuildFile; fileRef = 8A540B8A26EE9B7D00EEBF04 /* Assets.xcassets */; };
		8A540B8E26EE9B7D00EEBF04 /* LaunchScreen.storyboard in Resources */ = {isa = PBXBuildFile; fileRef = 8A540B8C26EE9B7D00EEBF04 /* LaunchScreen.storyboard */; };
		8A6125F726F0C6E500FF0583 /* UIColorExtension.swift in Sources */ = {isa = PBXBuildFile; fileRef = 8A6125F626F0C6E500FF0583 /* UIColorExtension.swift */; };
/* End PBXBuildFile section */

/* Begin PBXFileReference section */
		8A540B7E26EE9B7B00EEBF04 /* kirakhmatullinPW1.app */ = {isa = PBXFileReference; explicitFileType = wrapper.application; includeInIndex = 0; path = kirakhmatullinPW1.app; sourceTree = BUILT_PRODUCTS_DIR; };
		8A540B8126EE9B7B00EEBF04 /* AppDelegate.swift */ = {isa = PBXFileReference; lastKnownFileType = sourcecode.swift; path = AppDelegate.swift; sourceTree = "<group>"; };
		8A540B8326EE9B7B00EEBF04 /* SceneDelegate.swift */ = {isa = PBXFileReference; lastKnownFileType = sourcecode.swift; path = SceneDelegate.swift; sourceTree = "<group>"; };
		8A540B8526EE9B7B00EEBF04 /* ViewController.swift */ = {isa = PBXFileReference; lastKnownFileType = sourcecode.swift; path = ViewController.swift; sourceTree = "<group>"; };
		8A540B8826EE9B7B00EEBF04 /* Base */ = {isa = PBXFileReference; lastKnownFileType = file.storyboard; name = Base; path = Base.lproj/Main.storyboard; sourceTree = "<group>"; };
		8A540B8A26EE9B7D00EEBF04 /* Assets.xcassets */ = {isa = PBXFileReference; lastKnownFileType = folder.assetcatalog; path = Assets.xcassets; sourceTree = "<group>"; };
		8A540B8D26EE9B7D00EEBF04 /* Base */ = {isa = PBXFileReference; lastKnownFileType = file.storyboard; name = Base; path = Base.lproj/LaunchScreen.storyboard; sourceTree = "<group>"; };
		8A540B8F26EE9B7D00EEBF04 /* Info.plist */ = {isa = PBXFileReference; lastKnownFileType = text.plist.xml; path = Info.plist; sourceTree = "<group>"; };
		8A6125F626F0C6E500FF0583 /* UIColorExtension.swift */ = {isa = PBXFileReference; lastKnownFileType = sourcecode.swift; path = UIColorExtension.swift; sourceTree = "<group>"; };
/* End PBXFileReference section */

/* Begin PBXFrameworksBuildPhase section */
		8A540B7B26EE9B7B00EEBF04 /* Frameworks */ = {
			isa = PBXFrameworksBuildPhase;
			buildActionMask = 2147483647;
			files = (
			);
			runOnlyForDeploymentPostprocessing = 0;
		};
/* End PBXFrameworksBuildPhase section */

/* Begin PBXGroup section */
		8A540B7526EE9B7B00EEBF04 = {
			isa = PBXGroup;
			children = (
				8A540B8026EE9B7B00EEBF04 /* kirakhmatullinPW1 */,
				8A540B7F26EE9B7B00EEBF04 /* Products */,
			);
			sourceTree = "<group>";
		};
		8A540B7F26EE9B7B00EEBF04 /* Products */ = {
			isa = PBXGroup;
			children = (
				8A540B7E26EE9B7B00EEBF04 /* kirakhmatullinPW1.app */,
			);
			name = Products;
			sourceTree = "<group>";
		};
		8A540B8026EE9B7B00EEBF04 /* kirakhmatullinPW1 */ = {
			isa = PBXGroup;
			children = (
				8A540B8126EE9B7B00EEBF04 /* AppDelegate.swift */,
				8A6125F626F0C6E500FF0583 /* UIColorExtension.swift */,
				8A540B8326EE9B7B00EEBF04 /* SceneDelegate.swift */,
				8A540B8526EE9B7B00EEBF04 /* ViewController.swift */,
				8A540B8726EE9B7B00EEBF04 /* Main.storyboard */,
				8A540B8A26EE9B7D00EEBF04 /* Assets.xcassets */,
				8A540B8C26EE9B7D00EEBF04 /* LaunchScreen.storyboard */,
				8A540B8F26EE9B7D00EEBF04 /* Info.plist */,
			);
			path = kirakhmatullinPW1;
			sourceTree = "<group>";
		};
/* End PBXGroup section */

/* Begin PBXNativeTarget section */
		8A540B7D26EE9B7B00EEBF04 /* kirakhmatullinPW1 */ = {
			isa = PBXNativeTarget;
			buildConfigurationList = 8A540B9226EE9B7D00EEBF04 /* Build configuration list for PBXNativeTarget "kirakhmatullinPW1" */;
			buildPhases = (
				8A540B7A26EE9B7B00EEBF04 /* Sources */,
				8A540B7B26EE9B7B00EEBF04 /* Frameworks */,
				8A540B7C26EE9B7B00EEBF04 /* Resources */,
			);
			buildRules = (
			);
			dependencies = (
			);
			name = kirakhmatullinPW1;
			productName = kirakhmatullinPW1;
			productReference = 8A540B7E26EE9B7B00EEBF04 /* kirakhmatullinPW1.app */;
			productType = "com.apple.product-type.application";
		};
/* End PBXNativeTarget section */

/* Begin PBXProject section */
		8A540B7626EE9B7B00EEBF04 /* Project object */ = {
			isa = PBXProject;
			attributes = {
				LastSwiftUpdateCheck = 1250;
				LastUpgradeCheck = 1250;
				TargetAttributes = {
					8A540B7D26EE9B7B00EEBF04 = {
						CreatedOnToolsVersion = 12.5.1;
					};
				};
			};
			buildConfigurationList = 8A540B7926EE9B7B00EEBF04 /* Build configuration list for PBXProject "kirakhmatullinPW1" */;
			compatibilityVersion = "Xcode 9.3";
			developmentRegion = en;
			hasScannedForEncodings = 0;
			knownRegions = (
				en,
				Base,
			);
			mainGroup = 8A540B7526EE9B7B00EEBF04;
			productRefGroup = 8A540B7F26EE9B7B00EEBF04 /* Products */;
			projectDirPath = "";
			projectRoot = "";
			targets = (
				8A540B7D26EE9B7B00EEBF04 /* kirakhmatullinPW1 */,
			);
		};
/* End PBXProject section */

/* Begin PBXResourcesBuildPhase section */
		8A540B7C26EE9B7B00EEBF04 /* Resources */ = {
			isa = PBXResourcesBuildPhase;
			buildActionMask = 2147483647;
			files = (
				8A540B8E26EE9B7D00EEBF04 /* LaunchScreen.storyboard in Resources */,
				8A540B8B26EE9B7D00EEBF04 /* Assets.xcassets in Resources */,
				8A540B8926EE9B7B00EEBF04 /* Main.storyboard in Resources */,
			);
			runOnlyForDeploymentPostprocessing = 0;
		};
/* End PBXResourcesBuildPhase section */

/* Begin PBXSourcesBuildPhase section */
		8A540B7A26EE9B7B00EEBF04 /* Sources */ = {
			isa = PBXSourcesBuildPhase;
			buildActionMask = 2147483647;
			files = (
				8A540B8626EE9B7B00EEBF04 /* ViewController.swift in Sources */,
				8A540B8226EE9B7B00EEBF04 /* AppDelegate.swift in Sources */,
				8A540B8426EE9B7B00EEBF04 /* SceneDelegate.swift in Sources */,
				8A6125F726F0C6E500FF0583 /* UIColorExtension.swift in Sources */,
			);
			runOnlyForDeploymentPostprocessing = 0;
		};
/* End PBXSourcesBuildPhase section */

/* Begin PBXVariantGroup section */
		8A540B8726EE9B7B00EEBF04 /* Main.storyboard */ = {
			isa = PBXVariantGroup;
			children = (
				8A540B8826EE9B7B00EEBF04 /* Base */,
			);
			name = Main.storyboard;
			sourceTree = "<group>";
		};
		8A540B8C26EE9B7D00EEBF04 /* LaunchScreen.storyboard */ = {
			isa = PBXVariantGroup;
			children = (
				8A540B8D26EE9B7D00EEBF04 /* Base */,
			);
			name = LaunchScreen.storyboard;
			sourceTree = "<group>";
		};
/* End PBXVariantGroup section */

/* Begin XCBuildConfiguration section */
		8A540B9026EE9B7D00EEBF04 /* Debug */ = {
			isa = XCBuildConfiguration;
			buildSettings = {
				ALWAYS_SEARCH_USER_PATHS = NO;
				CLANG_ANALYZER_NONNULL = YES;
				CLANG_ANALYZER_NUMBER_OBJECT_CONVERSION = YES_AGGRESSIVE;
				CLANG_CXX_LANGUAGE_STANDARD = "gnu++14";
				CLANG_CXX_LIBRARY = "libc++";
				CLANG_ENABLE_MODULES = YES;
				CLANG_ENABLE_OBJC_ARC = YES;
				CLANG_ENABLE_OBJC_WEAK = YES;
				CLANG_WARN_BLOCK_CAPTURE_AUTORELEASING = YES;
				CLANG_WARN_BOOL_CONVERSION = YES;
				CLANG_WARN_COMMA = YES;
				CLANG_WARN_CONSTANT_CONVERSION = YES;
				CLANG_WARN_DEPRECATED_OBJC_IMPLEMENTATIONS = YES;
				CLANG_WARN_DIRECT_OBJC_ISA_USAGE = YES_ERROR;
				CLANG_WARN_DOCUMENTATION_COMMENTS = YES;
				CLANG_WARN_EMPTY_BODY = YES;
				CLANG_WARN_ENUM_CONVERSION = YES;
				CLANG_WARN_INFINITE_RECURSION = YES;
				CLANG_WARN_INT_CONVERSION = YES;
				CLANG_WARN_NON_LITERAL_NULL_CONVERSION = YES;
				CLANG_WARN_OBJC_IMPLICIT_RETAIN_SELF = YES;
				CLANG_WARN_OBJC_LITERAL_CONVERSION = YES;
				CLANG_WARN_OBJC_ROOT_CLASS = YES_ERROR;
				CLANG_WARN_QUOTED_INCLUDE_IN_FRAMEWORK_HEADER = YES;
				CLANG_WARN_RANGE_LOOP_ANALYSIS = YES;
				CLANG_WARN_STRICT_PROTOTYPES = YES;
				CLANG_WARN_SUSPICIOUS_MOVE = YES;
				CLANG_WARN_UNGUARDED_AVAILABILITY = YES_AGGRESSIVE;
				CLANG_WARN_UNREACHABLE_CODE = YES;
				CLANG_WARN__DUPLICATE_METHOD_MATCH = YES;
				COPY_PHASE_STRIP = NO;
				DEBUG_INFORMATION_FORMAT = dwarf;
				ENABLE_STRICT_OBJC_MSGSEND = YES;
				ENABLE_TESTABILITY = YES;
				GCC_C_LANGUAGE_STANDARD = gnu11;
				GCC_DYNAMIC_NO_PIC = NO;
				GCC_NO_COMMON_BLOCKS = YES;
				GCC_OPTIMIZATION_LEVEL = 0;
				GCC_PREPROCESSOR_DEFINITIONS = (
					"DEBUG=1",
					"$(inherited)",
				);
				GCC_WARN_64_TO_32_BIT_CONVERSION = YES;
				GCC_WARN_ABOUT_RETURN_TYPE = YES_ERROR;
				GCC_WARN_UNDECLARED_SELECTOR = YES;
				GCC_WARN_UNINITIALIZED_AUTOS = YES_AGGRESSIVE;
				GCC_WARN_UNUSED_FUNCTION = YES;
				GCC_WARN_UNUSED_VARIABLE = YES;
				IPHONEOS_DEPLOYMENT_TARGET = 14.5;
				MTL_ENABLE_DEBUG_INFO = INCLUDE_SOURCE;
				MTL_FAST_MATH = YES;
				ONLY_ACTIVE_ARCH = YES;
				SDKROOT = iphoneos;
				SWIFT_ACTIVE_COMPILATION_CONDITIONS = DEBUG;
				SWIFT_OPTIMIZATION_LEVEL = "-Onone";
			};
			name = Debug;
		};
		8A540B9126EE9B7D00EEBF04 /* Release */ = {
			isa = XCBuildConfiguration;
			buildSettings = {
				ALWAYS_SEARCH_USER_PATHS = NO;
				CLANG_ANALYZER_NONNULL = YES;
				CLANG_ANALYZER_NUMBER_OBJECT_CONVERSION = YES_AGGRESSIVE;
				CLANG_CXX_LANGUAGE_STANDARD = "gnu++14";
				CLANG_CXX_LIBRARY = "libc++";
				CLANG_ENABLE_MODULES = YES;
				CLANG_ENABLE_OBJC_ARC = YES;
				CLANG_ENABLE_OBJC_WEAK = YES;
				CLANG_WARN_BLOCK_CAPTURE_AUTORELEASING = YES;
				CLANG_WARN_BOOL_CONVERSION = YES;
				CLANG_WARN_COMMA = YES;
				CLANG_WARN_CONSTANT_CONVERSION = YES;
				CLANG_WARN_DEPRECATED_OBJC_IMPLEMENTATIONS = YES;
				CLANG_WARN_DIRECT_OBJC_ISA_USAGE = YES_ERROR;
				CLANG_WARN_DOCUMENTATION_COMMENTS = YES;
				CLANG_WARN_EMPTY_BODY = YES;
				CLANG_WARN_ENUM_CONVERSION = YES;
				CLANG_WARN_INFINITE_RECURSION = YES;
				CLANG_WARN_INT_CONVERSION = YES;
				CLANG_WARN_NON_LITERAL_NULL_CONVERSION = YES;
				CLANG_WARN_OBJC_IMPLICIT_RETAIN_SELF = YES;
				CLANG_WARN_OBJC_LITERAL_CONVERSION = YES;
				CLANG_WARN_OBJC_ROOT_CLASS = YES_ERROR;
				CLANG_WARN_QUOTED_INCLUDE_IN_FRAMEWORK_HEADER = YES;
				CLANG_WARN_RANGE_LOOP_ANALYSIS = YES;
				CLANG_WARN_STRICT_PROTOTYPES = YES;
				CLANG_WARN_SUSPICIOUS_MOVE = YES;
				CLANG_WARN_UNGUARDED_AVAILABILITY = YES_AGGRESSIVE;
				CLANG_WARN_UNREACHABLE_CODE = YES;
				CLANG_WARN__DUPLICATE_METHOD_MATCH = YES;
				COPY_PHASE_STRIP = NO;
				DEBUG_INFORMATION_FORMAT = "dwarf-with-dsym";
				ENABLE_NS_ASSERTIONS = NO;
				ENABLE_STRICT_OBJC_MSGSEND = YES;
				GCC_C_LANGUAGE_STANDARD = gnu11;
				GCC_NO_COMMON_BLOCKS = YES;
				GCC_WARN_64_TO_32_BIT_CONVERSION = YES;
				GCC_WARN_ABOUT_RETURN_TYPE = YES_ERROR;
				GCC_WARN_UNDECLARED_SELECTOR = YES;
				GCC_WARN_UNINITIALIZED_AUTOS = YES_AGGRESSIVE;
				GCC_WARN_UNUSED_FUNCTION = YES;
				GCC_WARN_UNUSED_VARIABLE = YES;
				IPHONEOS_DEPLOYMENT_TARGET = 14.5;
				MTL_ENABLE_DEBUG_INFO = NO;
				MTL_FAST_MATH = YES;
				SDKROOT = iphoneos;
				SWIFT_COMPILATION_MODE = wholemodule;
				SWIFT_OPTIMIZATION_LEVEL = "-O";
				VALIDATE_PRODUCT = YES;
			};
			name = Release;
		};
		8A540B9326EE9B7D00EEBF04 /* Debug */ = {
			isa = XCBuildConfiguration;
			buildSettings = {
				ASSETCATALOG_COMPILER_APPICON_NAME = AppIcon;
				ASSETCATALOG_COMPILER_GLOBAL_ACCENT_COLOR_NAME = AccentColor;
				CODE_SIGN_STYLE = Automatic;
				INFOPLIST_FILE = kirakhmatullinPW1/Info.plist;
				LD_RUNPATH_SEARCH_PATHS = (
					"$(inherited)",
					"@executable_path/Frameworks",
				);
				PRODUCT_BUNDLE_IDENTIFIER = Karim.kirakhmatullinPW1;
				PRODUCT_NAME = "$(TARGET_NAME)";
				SWIFT_VERSION = 5.0;
				TARGETED_DEVICE_FAMILY = "1,2";
			};
			name = Debug;
		};
		8A540B9426EE9B7D00EEBF04 /* Release */ = {
			isa = XCBuildConfiguration;
			buildSettings = {
				ASSETCATALOG_COMPILER_APPICON_NAME = AppIcon;
				ASSETCATALOG_COMPILER_GLOBAL_ACCENT_COLOR_NAME = AccentColor;
				CODE_SIGN_STYLE = Automatic;
				INFOPLIST_FILE = kirakhmatullinPW1/Info.plist;
				LD_RUNPATH_SEARCH_PATHS = (
					"$(inherited)",
					"@executable_path/Frameworks",
				);
				PRODUCT_BUNDLE_IDENTIFIER = Karim.kirakhmatullinPW1;
				PRODUCT_NAME = "$(TARGET_NAME)";
				SWIFT_VERSION = 5.0;
				TARGETED_DEVICE_FAMILY = "1,2";
			};
			name = Release;
		};
/* End XCBuildConfiguration section */

/* Begin XCConfigurationList section */
		8A540B7926EE9B7B00EEBF04 /* Build configuration list for PBXProject "kirakhmatullinPW1" */ = {
			isa = XCConfigurationList;
			buildConfigurations = (
				8A540B9026EE9B7D00EEBF04 /* Debug */,
				8A540B9126EE9B7D00EEBF04 /* Release */,
			);
			defaultConfigurationIsVisible = 0;
			defaultConfigurationName = Release;
		};
		8A540B9226EE9B7D00EEBF04 /* Build configuration list for PBXNativeTarget "kirakhmatullinPW1" */ = {
			isa = XCConfigurationList;
			buildConfigurations = (
				8A540B9326EE9B7D00EEBF04 /* Debug */,
				8A540B9426EE9B7D00EEBF04 /* Release */,
			);
			defaultConfigurationIsVisible = 0;
			defaultConfigurationName = Release;
		};
/* End XCConfigurationList section */
	};
	rootObject = 8A540B7626EE9B7B00EEBF04 /* Project object */;
}
